// !$*UTF8*$!
{
	archiveVersion = 1;
	classes = {
	};
	objectVersion = 56;
	objects = {

/* Begin PBXBuildFile section */
		262298FE2A96CD9F0066C67E /* NPC.swift in Sources */ = {isa = PBXBuildFile; fileRef = 262298FD2A96CD9F0066C67E /* NPC.swift */; };
		262299002A96CDFE0066C67E /* PC.swift in Sources */ = {isa = PBXBuildFile; fileRef = 262298FF2A96CDFE0066C67E /* PC.swift */; };
		266D793A2A86DBD200D1CF68 /* main.swift in Sources */ = {isa = PBXBuildFile; fileRef = 266D79392A86DBD200D1CF68 /* main.swift */; };
		266D79412A86DCCB00D1CF68 /* Room.swift in Sources */ = {isa = PBXBuildFile; fileRef = 266D79402A86DCCB00D1CF68 /* Room.swift */; };
		266D79432A86DCD700D1CF68 /* Animal.swift in Sources */ = {isa = PBXBuildFile; fileRef = 266D79422A86DCD700D1CF68 /* Animal.swift */; };
		266D79452A86E44E00D1CF68 /* Creature.swift in Sources */ = {isa = PBXBuildFile; fileRef = 266D79442A86E44E00D1CF68 /* Creature.swift */; };
/* End PBXBuildFile section */

/* Begin PBXCopyFilesBuildPhase section */
		266D79342A86DBD200D1CF68 /* CopyFiles */ = {
			isa = PBXCopyFilesBuildPhase;
			buildActionMask = 2147483647;
			dstPath = /usr/share/man/man1/;
			dstSubfolderSpec = 0;
			files = (
			);
			runOnlyForDeploymentPostprocessing = 1;
		};
/* End PBXCopyFilesBuildPhase section */

/* Begin PBXFileReference section */
		262298FD2A96CD9F0066C67E /* NPC.swift */ = {isa = PBXFileReference; lastKnownFileType = sourcecode.swift; path = NPC.swift; sourceTree = "<group>"; };
		262298FF2A96CDFE0066C67E /* PC.swift */ = {isa = PBXFileReference; lastKnownFileType = sourcecode.swift; path = PC.swift; sourceTree = "<group>"; };
		266D79362A86DBD200D1CF68 /* RoomWorld */ = {isa = PBXFileReference; explicitFileType = "compiled.mach-o.executable"; includeInIndex = 0; path = RoomWorld; sourceTree = BUILT_PRODUCTS_DIR; };
		266D79392A86DBD200D1CF68 /* main.swift */ = {isa = PBXFileReference; lastKnownFileType = sourcecode.swift; path = main.swift; sourceTree = "<group>"; };
		266D79402A86DCCB00D1CF68 /* Room.swift */ = {isa = PBXFileReference; lastKnownFileType = sourcecode.swift; path = Room.swift; sourceTree = "<group>"; };
		266D79422A86DCD700D1CF68 /* Animal.swift */ = {isa = PBXFileReference; lastKnownFileType = sourcecode.swift; path = Animal.swift; sourceTree = "<group>"; };
		266D79442A86E44E00D1CF68 /* Creature.swift */ = {isa = PBXFileReference; lastKnownFileType = sourcecode.swift; path = Creature.swift; sourceTree = "<group>"; };
/* End PBXFileReference section */

/* Begin PBXFrameworksBuildPhase section */
		266D79332A86DBD200D1CF68 /* Frameworks */ = {
			isa = PBXFrameworksBuildPhase;
			buildActionMask = 2147483647;
			files = (
			);
			runOnlyForDeploymentPostprocessing = 0;
		};
/* End PBXFrameworksBuildPhase section */

/* Begin PBXGroup section */
		266D792D2A86DBD200D1CF68 = {
			isa = PBXGroup;
			children = (
				262298FD2A96CD9F0066C67E /* NPC.swift */,
				266D79382A86DBD200D1CF68 /* RoomWorld */,
				266D79372A86DBD200D1CF68 /* Products */,
			);
			sourceTree = "<group>";
		};
		266D79372A86DBD200D1CF68 /* Products */ = {
			isa = PBXGroup;
			children = (
				266D79362A86DBD200D1CF68 /* RoomWorld */,
			);
			name = Products;
			sourceTree = "<group>";
		};
		266D79382A86DBD200D1CF68 /* RoomWorld */ = {
			isa = PBXGroup;
			children = (
				266D79442A86E44E00D1CF68 /* Creature.swift */,
				266D79392A86DBD200D1CF68 /* main.swift */,
				266D79402A86DCCB00D1CF68 /* Room.swift */,
				266D79422A86DCD700D1CF68 /* Animal.swift */,
				262298FF2A96CDFE0066C67E /* PC.swift */,
			);
			path = RoomWorld;
			sourceTree = "<group>";
		};
/* End PBXGroup section */

/* Begin PBXNativeTarget section */
		266D79352A86DBD200D1CF68 /* RoomWorld */ = {
			isa = PBXNativeTarget;
			buildConfigurationList = 266D793D2A86DBD200D1CF68 /* Build configuration list for PBXNativeTarget "RoomWorld" */;
			buildPhases = (
				266D79322A86DBD200D1CF68 /* Sources */,
				266D79332A86DBD200D1CF68 /* Frameworks */,
				266D79342A86DBD200D1CF68 /* CopyFiles */,
			);
			buildRules = (
			);
			dependencies = (
			);
			name = RoomWorld;
			productName = RoomWorld;
			productReference = 266D79362A86DBD200D1CF68 /* RoomWorld */;
			productType = "com.apple.product-type.tool";
		};
/* End PBXNativeTarget section */

/* Begin PBXProject section */
		266D792E2A86DBD200D1CF68 /* Project object */ = {
			isa = PBXProject;
			attributes = {
				BuildIndependentTargetsInParallel = 1;
				LastSwiftUpdateCheck = 1430;
				LastUpgradeCheck = 1430;
				TargetAttributes = {
					266D79352A86DBD200D1CF68 = {
						CreatedOnToolsVersion = 14.3.1;
					};
				};
			};
			buildConfigurationList = 266D79312A86DBD200D1CF68 /* Build configuration list for PBXProject "RoomWorld" */;
			compatibilityVersion = "Xcode 14.0";
			developmentRegion = en;
			hasScannedForEncodings = 0;
			knownRegions = (
				en,
				Base,
			);
			mainGroup = 266D792D2A86DBD200D1CF68;
			productRefGroup = 266D79372A86DBD200D1CF68 /* Products */;
			projectDirPath = "";
			projectRoot = "";
			targets = (
				266D79352A86DBD200D1CF68 /* RoomWorld */,
			);
		};
/* End PBXProject section */

/* Begin PBXSourcesBuildPhase section */
		266D79322A86DBD200D1CF68 /* Sources */ = {
			isa = PBXSourcesBuildPhase;
			buildActionMask = 2147483647;
			files = (
				266D79452A86E44E00D1CF68 /* Creature.swift in Sources */,
				266D79412A86DCCB00D1CF68 /* Room.swift in Sources */,
				262299002A96CDFE0066C67E /* PC.swift in Sources */,
				262298FE2A96CD9F0066C67E /* NPC.swift in Sources */,
				266D793A2A86DBD200D1CF68 /* main.swift in Sources */,
				266D79432A86DCD700D1CF68 /* Animal.swift in Sources */,
			);
			runOnlyForDeploymentPostprocessing = 0;
		};
/* End PBXSourcesBuildPhase section */

/* Begin XCBuildConfiguration section */
		266D793B2A86DBD200D1CF68 /* Debug */ = {
			isa = XCBuildConfiguration;
			buildSettings = {
				ALWAYS_SEARCH_USER_PATHS = NO;
				CLANG_ANALYZER_NONNULL = YES;
				CLANG_ANALYZER_NUMBER_OBJECT_CONVERSION = YES_AGGRESSIVE;
				CLANG_CXX_LANGUAGE_STANDARD = "gnu++20";
				CLANG_ENABLE_MODULES = YES;
				CLANG_ENABLE_OBJC_ARC = YES;
				CLANG_ENABLE_OBJC_WEAK = YES;
				CLANG_WARN_BLOCK_CAPTURE_AUTORELEASING = YES;
				CLANG_WARN_BOOL_CONVERSION = YES;
				CLANG_WARN_COMMA = YES;
				CLANG_WARN_CONSTANT_CONVERSION = YES;
				CLANG_WARN_DEPRECATED_OBJC_IMPLEMENTATIONS = YES;
				CLANG_WARN_DIRECT_OBJC_ISA_USAGE = YES_ERROR;
				CLANG_WARN_DOCUMENTATION_COMMENTS = YES;
				CLANG_WARN_EMPTY_BODY = YES;
				CLANG_WARN_ENUM_CONVERSION = YES;
				CLANG_WARN_INFINITE_RECURSION = YES;
				CLANG_WARN_INT_CONVERSION = YES;
				CLANG_WARN_NON_LITERAL_NULL_CONVERSION = YES;
				CLANG_WARN_OBJC_IMPLICIT_RETAIN_SELF = YES;
				CLANG_WARN_OBJC_LITERAL_CONVERSION = YES;
				CLANG_WARN_OBJC_ROOT_CLASS = YES_ERROR;
				CLANG_WARN_QUOTED_INCLUDE_IN_FRAMEWORK_HEADER = YES;
				CLANG_WARN_RANGE_LOOP_ANALYSIS = YES;
				CLANG_WARN_STRICT_PROTOTYPES = YES;
				CLANG_WARN_SUSPICIOUS_MOVE = YES;
				CLANG_WARN_UNGUARDED_AVAILABILITY = YES_AGGRESSIVE;
				CLANG_WARN_UNREACHABLE_CODE = YES;
				CLANG_WARN__DUPLICATE_METHOD_MATCH = YES;
				COPY_PHASE_STRIP = NO;
				DEBUG_INFORMATION_FORMAT = dwarf;
				ENABLE_STRICT_OBJC_MSGSEND = YES;
				ENABLE_TESTABILITY = YES;
				GCC_C_LANGUAGE_STANDARD = gnu11;
				GCC_DYNAMIC_NO_PIC = NO;
				GCC_NO_COMMON_BLOCKS = YES;
				GCC_OPTIMIZATION_LEVEL = 0;
				GCC_PREPROCESSOR_DEFINITIONS = (
					"DEBUG=1",
					"$(inherited)",
				);
				GCC_WARN_64_TO_32_BIT_CONVERSION = YES;
				GCC_WARN_ABOUT_RETURN_TYPE = YES_ERROR;
				GCC_WARN_UNDECLARED_SELECTOR = YES;
				GCC_WARN_UNINITIALIZED_AUTOS = YES_AGGRESSIVE;
				GCC_WARN_UNUSED_FUNCTION = YES;
				GCC_WARN_UNUSED_VARIABLE = YES;
				MACOSX_DEPLOYMENT_TARGET = 13.3;
				MTL_ENABLE_DEBUG_INFO = INCLUDE_SOURCE;
				MTL_FAST_MATH = YES;
				ONLY_ACTIVE_ARCH = YES;
				SDKROOT = macosx;
				SWIFT_ACTIVE_COMPILATION_CONDITIONS = DEBUG;
				SWIFT_OPTIMIZATION_LEVEL = "-Onone";
			};
			name = Debug;
		};
		266D793C2A86DBD200D1CF68 /* Release */ = {
			isa = XCBuildConfiguration;
			buildSettings = {
				ALWAYS_SEARCH_USER_PATHS = NO;
				CLANG_ANALYZER_NONNULL = YES;
				CLANG_ANALYZER_NUMBER_OBJECT_CONVERSION = YES_AGGRESSIVE;
				CLANG_CXX_LANGUAGE_STANDARD = "gnu++20";
				CLANG_ENABLE_MODULES = YES;
				CLANG_ENABLE_OBJC_ARC = YES;
				CLANG_ENABLE_OBJC_WEAK = YES;
				CLANG_WARN_BLOCK_CAPTURE_AUTORELEASING = YES;
				CLANG_WARN_BOOL_CONVERSION = YES;
				CLANG_WARN_COMMA = YES;
				CLANG_WARN_CONSTANT_CONVERSION = YES;
				CLANG_WARN_DEPRECATED_OBJC_IMPLEMENTATIONS = YES;
				CLANG_WARN_DIRECT_OBJC_ISA_USAGE = YES_ERROR;
				CLANG_WARN_DOCUMENTATION_COMMENTS = YES;
				CLANG_WARN_EMPTY_BODY = YES;
				CLANG_WARN_ENUM_CONVERSION = YES;
				CLANG_WARN_INFINITE_RECURSION = YES;
				CLANG_WARN_INT_CONVERSION = YES;
				CLANG_WARN_NON_LITERAL_NULL_CONVERSION = YES;
				CLANG_WARN_OBJC_IMPLICIT_RETAIN_SELF = YES;
				CLANG_WARN_OBJC_LITERAL_CONVERSION = YES;
				CLANG_WARN_OBJC_ROOT_CLASS = YES_ERROR;
				CLANG_WARN_QUOTED_INCLUDE_IN_FRAMEWORK_HEADER = YES;
				CLANG_WARN_RANGE_LOOP_ANALYSIS = YES;
				CLANG_WARN_STRICT_PROTOTYPES = YES;
				CLANG_WARN_SUSPICIOUS_MOVE = YES;
				CLANG_WARN_UNGUARDED_AVAILABILITY = YES_AGGRESSIVE;
				CLANG_WARN_UNREACHABLE_CODE = YES;
				CLANG_WARN__DUPLICATE_METHOD_MATCH = YES;
				COPY_PHASE_STRIP = NO;
				DEBUG_INFORMATION_FORMAT = "dwarf-with-dsym";
				ENABLE_NS_ASSERTIONS = NO;
				ENABLE_STRICT_OBJC_MSGSEND = YES;
				GCC_C_LANGUAGE_STANDARD = gnu11;
				GCC_NO_COMMON_BLOCKS = YES;
				GCC_WARN_64_TO_32_BIT_CONVERSION = YES;
				GCC_WARN_ABOUT_RETURN_TYPE = YES_ERROR;
				GCC_WARN_UNDECLARED_SELECTOR = YES;
				GCC_WARN_UNINITIALIZED_AUTOS = YES_AGGRESSIVE;
				GCC_WARN_UNUSED_FUNCTION = YES;
				GCC_WARN_UNUSED_VARIABLE = YES;
				MACOSX_DEPLOYMENT_TARGET = 13.3;
				MTL_ENABLE_DEBUG_INFO = NO;
				MTL_FAST_MATH = YES;
				SDKROOT = macosx;
				SWIFT_COMPILATION_MODE = wholemodule;
				SWIFT_OPTIMIZATION_LEVEL = "-O";
			};
			name = Release;
		};
		266D793E2A86DBD200D1CF68 /* Debug */ = {
			isa = XCBuildConfiguration;
			buildSettings = {
				CODE_SIGN_STYLE = Automatic;
				DEVELOPMENT_TEAM = 3CAGU63967;
				ENABLE_HARDENED_RUNTIME = YES;
				PRODUCT_NAME = "$(TARGET_NAME)";
				SWIFT_VERSION = 5.0;
			};
			name = Debug;
		};
		266D793F2A86DBD200D1CF68 /* Release */ = {
			isa = XCBuildConfiguration;
			buildSettings = {
				CODE_SIGN_STYLE = Automatic;
				DEVELOPMENT_TEAM = 3CAGU63967;
				ENABLE_HARDENED_RUNTIME = YES;
				PRODUCT_NAME = "$(TARGET_NAME)";
				SWIFT_VERSION = 5.0;
			};
			name = Release;
		};
/* End XCBuildConfiguration section */

/* Begin XCConfigurationList section */
		266D79312A86DBD200D1CF68 /* Build configuration list for PBXProject "RoomWorld" */ = {
			isa = XCConfigurationList;
			buildConfigurations = (
				266D793B2A86DBD200D1CF68 /* Debug */,
				266D793C2A86DBD200D1CF68 /* Release */,
			);
			defaultConfigurationIsVisible = 0;
			defaultConfigurationName = Release;
		};
		266D793D2A86DBD200D1CF68 /* Build configuration list for PBXNativeTarget "RoomWorld" */ = {
			isa = XCConfigurationList;
			buildConfigurations = (
				266D793E2A86DBD200D1CF68 /* Debug */,
				266D793F2A86DBD200D1CF68 /* Release */,
			);
			defaultConfigurationIsVisible = 0;
			defaultConfigurationName = Release;
		};
/* End XCConfigurationList section */
	};
	rootObject = 266D792E2A86DBD200D1CF68 /* Project object */;
}
